{
  "requires": true,
  "lockfileVersion": 1,
  "dependencies": {
    "@synopsys-sig/seeker": {
      "version": "http://seeker-server:8080/rest/api/latest/installers/agents/binaries/NODEJS?projectKey=BLOG&flavor=TARGZ",
      "integrity": "sha512-5dR8KZQ//zKVbCWfwJv79JL7g2tOHo7ukE5bIFBSVCp+vNx5sDo+mook3cRGsN7RHIppuqHGG8qEGZHz6xnTkQ==",
      "requires": {
        "@synopsys-sig/estraverse": "^5.2.2",
        "adm-zip": "^0.4.11",
        "agent-base": "*",
        "async": "*",
        "async-limiter": "*",
        "bytes": "^3.1.0",
        "clone": "^2.1.1",
        "core-util-is": "*",
        "date-format": "*",
        "debug": "*",
        "deep-is": "*",
        "detect-libc": "^1.0.3",
        "dom-serializer": "*",
        "domelementtype": "*",
        "domhandler": "*",
        "domutils": "*",
        "entities": "*",
        "escape-string-regexp": "*",
        "escodegen": "^1.14.3",
        "esprima": "*",
        "estraverse": "*",
        "esutils": "*",
        "fast-levenshtein": "*",
        "filename-reserved-regex": "*",
        "filenamify": "^4.3.0",
        "flatted": "*",
        "fs-extra": "*",
        "graceful-fs": "*",
        "htmlparser2": "3.9.2",
        "https-proxy-agent": "^5.0.0",
        "inherits": "*",
        "isarray": "*",
        "jsonfile": "*",
        "levn": "*",
        "lodash": "4.17.21",
        "log4js": "4.0.2",
        "meriyah": "2.1.1",
        "ms": "*",
        "optionator": "*",
        "prelude-ls": "*",
        "process-nextick-args": "*",
        "readable-stream": "*",
        "rfdc": "*",
        "safe-buffer": "*",
        "semver": "5.4.1",
        "shimmer": "1.2.1",
        "source-map": "*",
        "streamroller": "*",
        "string_decoder": "*",
        "strip-outer": "*",
        "trim-repeated": "*",
        "type-check": "*",
        "universalify": "*",
        "util-deprecate": "*",
        "word-wrap": "*",
        "ws": "6.2.2",
        "xmldom": "^0.5.0"
      },
      "dependencies": {
        "@synopsys-sig/estraverse": {
          "version": "5.2.2",
          "bundled": true
        },
        "adm-zip": {
          "version": "0.4.16",
          "bundled": true
        },
        "agent-base": {
          "version": "6.0.2",
          "bundled": true,
          "requires": {
            "debug": "4"
          }
        },
        "async": {
          "version": "2.6.3",
          "bundled": true,
          "requires": {
            "lodash": "^4.17.14"
          }
        },
        "async-limiter": {
          "version": "1.0.1",
          "bundled": true
        },
        "bytes": {
          "version": "3.1.0",
          "bundled": true
        },
        "clone": {
          "version": "2.1.2",
          "bundled": true
        },
        "core-util-is": {
          "version": "1.0.2",
          "bundled": true
        },
        "date-format": {
          "version": "2.1.0",
          "bundled": true
        },
        "debug": {
          "version": "4.3.1",
          "bundled": true,
          "requires": {
            "ms": "2.1.2"
          }
        },
        "deep-is": {
          "version": "0.1.3",
          "bundled": true
        },
        "detect-libc": {
          "version": "1.0.3",
          "bundled": true
        },
        "dom-serializer": {
          "version": "0.2.2",
          "bundled": true,
          "requires": {
            "domelementtype": "^2.0.1",
            "entities": "^2.0.0"
          },
          "dependencies": {
            "domelementtype": {
              "version": "2.2.0",
              "bundled": true
            },
            "entities": {
              "version": "2.2.0",
              "bundled": true
            }
          }
        },
        "domelementtype": {
          "version": "1.3.1",
          "bundled": true
        },
        "domhandler": {
          "version": "2.4.2",
          "bundled": true,
          "requires": {
            "domelementtype": "1"
          }
        },
        "domutils": {
          "version": "1.7.0",
          "bundled": true,
          "requires": {
            "dom-serializer": "0",
            "domelementtype": "1"
          }
        },
        "entities": {
          "version": "1.1.2",
          "bundled": true
        },
        "escape-string-regexp": {
          "version": "1.0.5",
          "bundled": true
        },
        "escodegen": {
          "version": "1.14.3",
          "bundled": true,
          "requires": {
            "esprima": "^4.0.1",
            "estraverse": "^4.2.0",
            "esutils": "^2.0.2",
            "optionator": "^0.8.1",
            "source-map": "~0.6.1"
          }
        },
        "esprima": {
          "version": "4.0.1",
          "bundled": true
        },
        "estraverse": {
          "version": "4.3.0",
          "bundled": true
        },
        "esutils": {
          "version": "2.0.3",
          "bundled": true
        },
        "fast-levenshtein": {
          "version": "2.0.6",
          "bundled": true
        },
        "filename-reserved-regex": {
          "version": "2.0.0",
          "bundled": true
        },
        "filenamify": {
          "version": "4.3.0",
          "bundled": true,
          "requires": {
            "filename-reserved-regex": "^2.0.0",
            "strip-outer": "^1.0.1",
            "trim-repeated": "^1.0.0"
          }
        },
        "flatted": {
          "version": "2.0.2",
          "bundled": true
        },
        "fs-extra": {
          "version": "7.0.1",
          "bundled": true,
          "requires": {
            "graceful-fs": "^4.1.2",
            "jsonfile": "^4.0.0",
            "universalify": "^0.1.0"
          }
        },
        "graceful-fs": {
          "version": "4.2.6",
          "bundled": true
        },
        "htmlparser2": {
          "version": "3.9.2",
          "bundled": true,
          "requires": {
            "domelementtype": "^1.3.0",
            "domhandler": "^2.3.0",
            "domutils": "^1.5.1",
            "entities": "^1.1.1",
            "inherits": "^2.0.1",
            "readable-stream": "^2.0.2"
          }
        },
        "https-proxy-agent": {
          "version": "5.0.0",
          "bundled": true,
          "requires": {
            "agent-base": "6",
            "debug": "4"
          }
        },
        "inherits": {
          "version": "2.0.4",
          "bundled": true
        },
        "isarray": {
          "version": "1.0.0",
          "bundled": true
        },
        "jsonfile": {
          "version": "4.0.0",
          "bundled": true,
          "requires": {
            "graceful-fs": "^4.1.6"
          }
        },
        "levn": {
          "version": "0.3.0",
          "bundled": true,
          "requires": {
            "prelude-ls": "~1.1.2",
            "type-check": "~0.3.2"
          }
        },
        "lodash": {
          "version": "4.17.21",
          "bundled": true
        },
        "log4js": {
          "version": "4.0.2",
          "bundled": true,
          "requires": {
            "date-format": "^2.0.0",
            "debug": "^3.1.0",
            "flatted": "^2.0.0",
            "rfdc": "^1.1.2",
            "streamroller": "^1.0.1"
          },
          "dependencies": {
            "debug": {
              "version": "3.2.7",
              "bundled": true,
              "requires": {
                "ms": "^2.1.1"
              }
            }
          }
        },
        "meriyah": {
          "version": "2.1.1",
          "bundled": true
        },
        "ms": {
          "version": "2.1.2",
          "bundled": true
        },
        "optionator": {
          "version": "0.8.3",
          "bundled": true,
          "requires": {
            "deep-is": "~0.1.3",
            "fast-levenshtein": "~2.0.6",
            "levn": "~0.3.0",
            "prelude-ls": "~1.1.2",
            "type-check": "~0.3.2",
            "word-wrap": "~1.2.3"
          }
        },
        "prelude-ls": {
          "version": "1.1.2",
          "bundled": true
        },
        "process-nextick-args": {
          "version": "2.0.1",
          "bundled": true
        },
        "readable-stream": {
          "version": "2.3.7",
          "bundled": true,
          "requires": {
            "core-util-is": "~1.0.0",
            "inherits": "~2.0.3",
            "isarray": "~1.0.0",
            "process-nextick-args": "~2.0.0",
            "safe-buffer": "~5.1.1",
            "string_decoder": "~1.1.1",
            "util-deprecate": "~1.0.1"
          }
        },
        "rfdc": {
          "version": "1.3.0",
          "bundled": true
        },
        "safe-buffer": {
          "version": "5.1.2",
          "bundled": true
        },
        "semver": {
          "version": "5.4.1",
          "bundled": true
        },
        "shimmer": {
          "version": "1.2.1",
          "bundled": true
        },
        "source-map": {
          "version": "0.6.1",
          "bundled": true
        },
        "streamroller": {
          "version": "1.0.6",
          "bundled": true,
          "requires": {
            "async": "^2.6.2",
            "date-format": "^2.0.0",
            "debug": "^3.2.6",
            "fs-extra": "^7.0.1",
            "lodash": "^4.17.14"
          },
          "dependencies": {
            "debug": {
              "version": "3.2.7",
              "bundled": true,
              "requires": {
                "ms": "^2.1.1"
              }
            }
          }
        },
        "string_decoder": {
          "version": "1.1.1",
          "bundled": true,
          "requires": {
            "safe-buffer": "~5.1.0"
          }
        },
        "strip-outer": {
          "version": "1.0.1",
          "bundled": true,
          "requires": {
            "escape-string-regexp": "^1.0.2"
          }
        },
        "trim-repeated": {
          "version": "1.0.0",
          "bundled": true,
          "requires": {
            "escape-string-regexp": "^1.0.2"
          }
        },
        "type-check": {
          "version": "0.3.2",
          "bundled": true,
          "requires": {
            "prelude-ls": "~1.1.2"
          }
        },
        "universalify": {
          "version": "0.1.2",
          "bundled": true
        },
        "util-deprecate": {
          "version": "1.0.2",
          "bundled": true
        },
        "word-wrap": {
          "version": "1.2.3",
          "bundled": true
        },
        "ws": {
          "version": "6.2.2",
          "bundled": true,
          "requires": {
            "async-limiter": "~1.0.0"
          }
        },
        "xmldom": {
          "version": "0.5.0",
          "bundled": true
        }
      }
    }
  }
}
